// !$*UTF8*$!
{
	archiveVersion = 1;
	classes = {
	};
	objectVersion = 56;
	objects = {

/* Begin PBXBuildFile section */
		FA196ED42BDE801600E0A97E /* GitHubApp.swift in Sources */ = {isa = PBXBuildFile; fileRef = FA196ED32BDE801600E0A97E /* GitHubApp.swift */; };
		FA196EE52BDE801700E0A97E /* GitHubAppTests.swift in Sources */ = {isa = PBXBuildFile; fileRef = FA196EE42BDE801700E0A97E /* GitHubAppTests.swift */; };
		FA196EEF2BDE801700E0A97E /* GitHubAppUITests.swift in Sources */ = {isa = PBXBuildFile; fileRef = FA196EEE2BDE801700E0A97E /* GitHubAppUITests.swift */; };
		FA196EF12BDE801700E0A97E /* GitHubAppUITestsLaunchTests.swift in Sources */ = {isa = PBXBuildFile; fileRef = FA196EF02BDE801700E0A97E /* GitHubAppUITestsLaunchTests.swift */; };
		FA196EFF2BDE812A00E0A97E /* Assets.xcassets in Resources */ = {isa = PBXBuildFile; fileRef = FA196EFE2BDE812A00E0A97E /* Assets.xcassets */; };
		FA196F042BDE81BD00E0A97E /* Config.swift in Sources */ = {isa = PBXBuildFile; fileRef = FA196F022BDE81BD00E0A97E /* Config.swift */; };
		FA196F0C2BDE827800E0A97E /* UserDetailsViewModel.swift in Sources */ = {isa = PBXBuildFile; fileRef = FA196F092BDE827800E0A97E /* UserDetailsViewModel.swift */; };
		FA196F0D2BDE827800E0A97E /* UserDetailsView.swift in Sources */ = {isa = PBXBuildFile; fileRef = FA196F0B2BDE827800E0A97E /* UserDetailsView.swift */; };
		FA196F1E2BDE82D400E0A97E /* Unwrap.swift in Sources */ = {isa = PBXBuildFile; fileRef = FA196F182BDE82D400E0A97E /* Unwrap.swift */; };
		FA196F212BDE831E00E0A97E /* LoadingView.swift in Sources */ = {isa = PBXBuildFile; fileRef = FA196F202BDE831E00E0A97E /* LoadingView.swift */; };
		FA196F262BDE834100E0A97E /* Localizable.strings in Resources */ = {isa = PBXBuildFile; fileRef = FA196F232BDE834100E0A97E /* Localizable.strings */; };
		FA196F2C2BDE836400E0A97E /* User.swift in Sources */ = {isa = PBXBuildFile; fileRef = FA196F292BDE836400E0A97E /* User.swift */; };
		FA196F2F2BDE838800E0A97E /* ProgressIndicatorView.swift in Sources */ = {isa = PBXBuildFile; fileRef = FA196F2E2BDE838800E0A97E /* ProgressIndicatorView.swift */; };
		FA196F352BDE83A500E0A97E /* String+Ext.swift in Sources */ = {isa = PBXBuildFile; fileRef = FA196F322BDE83A500E0A97E /* String+Ext.swift */; };
		FA196F382BDE83CE00E0A97E /* ImageView.swift in Sources */ = {isa = PBXBuildFile; fileRef = FA196F372BDE83CE00E0A97E /* ImageView.swift */; };
		FA196F3A2BDE83ED00E0A97E /* ImageLoader.swift in Sources */ = {isa = PBXBuildFile; fileRef = FA196F392BDE83ED00E0A97E /* ImageLoader.swift */; };
		FA196F402BDEAB7300E0A97E /* Network.swift in Sources */ = {isa = PBXBuildFile; fileRef = FA196F3C2BDEAB7300E0A97E /* Network.swift */; };
		FA196F412BDEAB7300E0A97E /* Endpoint.swift in Sources */ = {isa = PBXBuildFile; fileRef = FA196F3E2BDEAB7300E0A97E /* Endpoint.swift */; };
		FA196F422BDEAB7300E0A97E /* Endpoint+UserDetails.swift in Sources */ = {isa = PBXBuildFile; fileRef = FA196F3F2BDEAB7300E0A97E /* Endpoint+UserDetails.swift */; };
		FA196F442BDEABD800E0A97E /* Endpoint+Repository.swift in Sources */ = {isa = PBXBuildFile; fileRef = FA196F432BDEABD800E0A97E /* Endpoint+Repository.swift */; };
		FA196F462BDEABEF00E0A97E /* Repository.swift in Sources */ = {isa = PBXBuildFile; fileRef = FA196F452BDEABEF00E0A97E /* Repository.swift */; };
		FA196F4C2BDEAC0800E0A97E /* RepositoriesViewModel.swift in Sources */ = {isa = PBXBuildFile; fileRef = FA196F492BDEAC0800E0A97E /* RepositoriesViewModel.swift */; };
		FA196F4D2BDEAC0800E0A97E /* RepositoriesView.swift in Sources */ = {isa = PBXBuildFile; fileRef = FA196F4B2BDEAC0800E0A97E /* RepositoriesView.swift */; };
		FA196F502BDEAC9D00E0A97E /* Appearance.swift in Sources */ = {isa = PBXBuildFile; fileRef = FA196F4F2BDEAC9D00E0A97E /* Appearance.swift */; };
		FA196F522BDEE58F00E0A97E /* Commit.swift in Sources */ = {isa = PBXBuildFile; fileRef = FA196F512BDEE58F00E0A97E /* Commit.swift */; };
		FA196F582BDEE59900E0A97E /* CommitsViewModel.swift in Sources */ = {isa = PBXBuildFile; fileRef = FA196F552BDEE59900E0A97E /* CommitsViewModel.swift */; };
		FA196F592BDEE59900E0A97E /* CommitsView.swift in Sources */ = {isa = PBXBuildFile; fileRef = FA196F572BDEE59900E0A97E /* CommitsView.swift */; };
		FA196F5B2BDEE5AB00E0A97E /* Endpoint+Commit.swift in Sources */ = {isa = PBXBuildFile; fileRef = FA196F5A2BDEE5AB00E0A97E /* Endpoint+Commit.swift */; };
		FA196F5F2BDEE5D600E0A97E /* Date+Ext.swift in Sources */ = {isa = PBXBuildFile; fileRef = FA196F5D2BDEE5D600E0A97E /* Date+Ext.swift */; };
		FA196F612BDEE6C600E0A97E /* View+Ext.swift in Sources */ = {isa = PBXBuildFile; fileRef = FA196F602BDEE6C600E0A97E /* View+Ext.swift */; };
		FA196F642BDEE6D800E0A97E /* ErrorAlertModifier.swift in Sources */ = {isa = PBXBuildFile; fileRef = FA196F632BDEE6D800E0A97E /* ErrorAlertModifier.swift */; };
/* End PBXBuildFile section */

/* Begin PBXContainerItemProxy section */
		FA196EE12BDE801700E0A97E /* PBXContainerItemProxy */ = {
			isa = PBXContainerItemProxy;
			containerPortal = FA196EC82BDE801600E0A97E /* Project object */;
			proxyType = 1;
			remoteGlobalIDString = FA196ECF2BDE801600E0A97E;
			remoteInfo = GitHubApp;
		};
		FA196EEB2BDE801700E0A97E /* PBXContainerItemProxy */ = {
			isa = PBXContainerItemProxy;
			containerPortal = FA196EC82BDE801600E0A97E /* Project object */;
			proxyType = 1;
			remoteGlobalIDString = FA196ECF2BDE801600E0A97E;
			remoteInfo = GitHubApp;
		};
/* End PBXContainerItemProxy section */

/* Begin PBXFileReference section */
		FA196ED02BDE801600E0A97E /* GitHubApp.app */ = {isa = PBXFileReference; explicitFileType = wrapper.application; includeInIndex = 0; path = GitHubApp.app; sourceTree = BUILT_PRODUCTS_DIR; };
		FA196ED32BDE801600E0A97E /* GitHubApp.swift */ = {isa = PBXFileReference; lastKnownFileType = sourcecode.swift; path = GitHubApp.swift; sourceTree = "<group>"; };
		FA196EE02BDE801700E0A97E /* GitHubAppTests.xctest */ = {isa = PBXFileReference; explicitFileType = wrapper.cfbundle; includeInIndex = 0; path = GitHubAppTests.xctest; sourceTree = BUILT_PRODUCTS_DIR; };
		FA196EE42BDE801700E0A97E /* GitHubAppTests.swift */ = {isa = PBXFileReference; lastKnownFileType = sourcecode.swift; path = GitHubAppTests.swift; sourceTree = "<group>"; };
		FA196EEA2BDE801700E0A97E /* GitHubAppUITests.xctest */ = {isa = PBXFileReference; explicitFileType = wrapper.cfbundle; includeInIndex = 0; path = GitHubAppUITests.xctest; sourceTree = BUILT_PRODUCTS_DIR; };
		FA196EEE2BDE801700E0A97E /* GitHubAppUITests.swift */ = {isa = PBXFileReference; lastKnownFileType = sourcecode.swift; path = GitHubAppUITests.swift; sourceTree = "<group>"; };
		FA196EF02BDE801700E0A97E /* GitHubAppUITestsLaunchTests.swift */ = {isa = PBXFileReference; lastKnownFileType = sourcecode.swift; path = GitHubAppUITestsLaunchTests.swift; sourceTree = "<group>"; };
		FA196EFE2BDE812A00E0A97E /* Assets.xcassets */ = {isa = PBXFileReference; lastKnownFileType = folder.assetcatalog; path = Assets.xcassets; sourceTree = "<group>"; };
		FA196F022BDE81BD00E0A97E /* Config.swift */ = {isa = PBXFileReference; fileEncoding = 4; lastKnownFileType = sourcecode.swift; path = Config.swift; sourceTree = "<group>"; };
		FA196F032BDE81BD00E0A97E /* Info.plist */ = {isa = PBXFileReference; fileEncoding = 4; lastKnownFileType = text.plist.xml; path = Info.plist; sourceTree = "<group>"; };
		FA196F092BDE827800E0A97E /* UserDetailsViewModel.swift */ = {isa = PBXFileReference; fileEncoding = 4; lastKnownFileType = sourcecode.swift; path = UserDetailsViewModel.swift; sourceTree = "<group>"; };
		FA196F0B2BDE827800E0A97E /* UserDetailsView.swift */ = {isa = PBXFileReference; fileEncoding = 4; lastKnownFileType = sourcecode.swift; path = UserDetailsView.swift; sourceTree = "<group>"; };
		FA196F182BDE82D400E0A97E /* Unwrap.swift */ = {isa = PBXFileReference; fileEncoding = 4; lastKnownFileType = sourcecode.swift; path = Unwrap.swift; sourceTree = "<group>"; };
		FA196F202BDE831E00E0A97E /* LoadingView.swift */ = {isa = PBXFileReference; fileEncoding = 4; lastKnownFileType = sourcecode.swift; path = LoadingView.swift; sourceTree = "<group>"; };
		FA196F242BDE834100E0A97E /* en */ = {isa = PBXFileReference; lastKnownFileType = text.plist.strings; name = en; path = en.lproj/Localizable.strings; sourceTree = "<group>"; };
		FA196F252BDE834100E0A97E /* Base */ = {isa = PBXFileReference; lastKnownFileType = text.plist.strings; name = Base; path = Base.lproj/Localizable.strings; sourceTree = "<group>"; };
		FA196F292BDE836400E0A97E /* User.swift */ = {isa = PBXFileReference; fileEncoding = 4; lastKnownFileType = sourcecode.swift; path = User.swift; sourceTree = "<group>"; };
		FA196F2E2BDE838800E0A97E /* ProgressIndicatorView.swift */ = {isa = PBXFileReference; fileEncoding = 4; lastKnownFileType = sourcecode.swift; path = ProgressIndicatorView.swift; sourceTree = "<group>"; };
		FA196F322BDE83A500E0A97E /* String+Ext.swift */ = {isa = PBXFileReference; fileEncoding = 4; lastKnownFileType = sourcecode.swift; path = "String+Ext.swift"; sourceTree = "<group>"; };
		FA196F372BDE83CE00E0A97E /* ImageView.swift */ = {isa = PBXFileReference; fileEncoding = 4; lastKnownFileType = sourcecode.swift; path = ImageView.swift; sourceTree = "<group>"; };
		FA196F392BDE83ED00E0A97E /* ImageLoader.swift */ = {isa = PBXFileReference; fileEncoding = 4; lastKnownFileType = sourcecode.swift; path = ImageLoader.swift; sourceTree = "<group>"; };
		FA196F3C2BDEAB7300E0A97E /* Network.swift */ = {isa = PBXFileReference; fileEncoding = 4; lastKnownFileType = sourcecode.swift; path = Network.swift; sourceTree = "<group>"; };
		FA196F3E2BDEAB7300E0A97E /* Endpoint.swift */ = {isa = PBXFileReference; fileEncoding = 4; lastKnownFileType = sourcecode.swift; path = Endpoint.swift; sourceTree = "<group>"; };
		FA196F3F2BDEAB7300E0A97E /* Endpoint+UserDetails.swift */ = {isa = PBXFileReference; fileEncoding = 4; lastKnownFileType = sourcecode.swift; path = "Endpoint+UserDetails.swift"; sourceTree = "<group>"; };
		FA196F432BDEABD800E0A97E /* Endpoint+Repository.swift */ = {isa = PBXFileReference; fileEncoding = 4; lastKnownFileType = sourcecode.swift; path = "Endpoint+Repository.swift"; sourceTree = "<group>"; };
		FA196F452BDEABEF00E0A97E /* Repository.swift */ = {isa = PBXFileReference; fileEncoding = 4; lastKnownFileType = sourcecode.swift; path = Repository.swift; sourceTree = "<group>"; };
		FA196F492BDEAC0800E0A97E /* RepositoriesViewModel.swift */ = {isa = PBXFileReference; fileEncoding = 4; lastKnownFileType = sourcecode.swift; path = RepositoriesViewModel.swift; sourceTree = "<group>"; };
		FA196F4B2BDEAC0800E0A97E /* RepositoriesView.swift */ = {isa = PBXFileReference; fileEncoding = 4; lastKnownFileType = sourcecode.swift; path = RepositoriesView.swift; sourceTree = "<group>"; };
		FA196F4F2BDEAC9D00E0A97E /* Appearance.swift */ = {isa = PBXFileReference; fileEncoding = 4; lastKnownFileType = sourcecode.swift; path = Appearance.swift; sourceTree = "<group>"; };
		FA196F512BDEE58F00E0A97E /* Commit.swift */ = {isa = PBXFileReference; fileEncoding = 4; lastKnownFileType = sourcecode.swift; path = Commit.swift; sourceTree = "<group>"; };
		FA196F552BDEE59900E0A97E /* CommitsViewModel.swift */ = {isa = PBXFileReference; fileEncoding = 4; lastKnownFileType = sourcecode.swift; path = CommitsViewModel.swift; sourceTree = "<group>"; };
		FA196F572BDEE59900E0A97E /* CommitsView.swift */ = {isa = PBXFileReference; fileEncoding = 4; lastKnownFileType = sourcecode.swift; path = CommitsView.swift; sourceTree = "<group>"; };
		FA196F5A2BDEE5AB00E0A97E /* Endpoint+Commit.swift */ = {isa = PBXFileReference; fileEncoding = 4; lastKnownFileType = sourcecode.swift; path = "Endpoint+Commit.swift"; sourceTree = "<group>"; };
		FA196F5D2BDEE5D600E0A97E /* Date+Ext.swift */ = {isa = PBXFileReference; fileEncoding = 4; lastKnownFileType = sourcecode.swift; path = "Date+Ext.swift"; sourceTree = "<group>"; };
		FA196F602BDEE6C600E0A97E /* View+Ext.swift */ = {isa = PBXFileReference; fileEncoding = 4; lastKnownFileType = sourcecode.swift; path = "View+Ext.swift"; sourceTree = "<group>"; };
		FA196F632BDEE6D800E0A97E /* ErrorAlertModifier.swift */ = {isa = PBXFileReference; fileEncoding = 4; lastKnownFileType = sourcecode.swift; path = ErrorAlertModifier.swift; sourceTree = "<group>"; };
/* End PBXFileReference section */

/* Begin PBXFrameworksBuildPhase section */
		FA196ECD2BDE801600E0A97E /* Frameworks */ = {
			isa = PBXFrameworksBuildPhase;
			buildActionMask = 2147483647;
			files = (
			);
			runOnlyForDeploymentPostprocessing = 0;
		};
		FA196EDD2BDE801700E0A97E /* Frameworks */ = {
			isa = PBXFrameworksBuildPhase;
			buildActionMask = 2147483647;
			files = (
			);
			runOnlyForDeploymentPostprocessing = 0;
		};
		FA196EE72BDE801700E0A97E /* Frameworks */ = {
			isa = PBXFrameworksBuildPhase;
			buildActionMask = 2147483647;
			files = (
			);
			runOnlyForDeploymentPostprocessing = 0;
		};
/* End PBXFrameworksBuildPhase section */

/* Begin PBXGroup section */
		FA196EC72BDE801600E0A97E = {
			isa = PBXGroup;
			children = (
				FA196ED22BDE801600E0A97E /* GitHubApp */,
				FA196EE32BDE801700E0A97E /* GitHubAppTests */,
				FA196EED2BDE801700E0A97E /* GitHubAppUITests */,
				FA196ED12BDE801600E0A97E /* Products */,
			);
			sourceTree = "<group>";
		};
		FA196ED12BDE801600E0A97E /* Products */ = {
			isa = PBXGroup;
			children = (
				FA196ED02BDE801600E0A97E /* GitHubApp.app */,
				FA196EE02BDE801700E0A97E /* GitHubAppTests.xctest */,
				FA196EEA2BDE801700E0A97E /* GitHubAppUITests.xctest */,
			);
			name = Products;
			sourceTree = "<group>";
		};
		FA196ED22BDE801600E0A97E /* GitHubApp */ = {
			isa = PBXGroup;
			children = (
				FA196F002BDE813200E0A97E /* App */,
				FA196F062BDE824D00E0A97E /* Components */,
				FA196F1F2BDE831E00E0A97E /* Views */,
				FA196F272BDE836400E0A97E /* Models */,
				FA196F3B2BDEAB7300E0A97E /* Services */,
				FA196F0E2BDE82D400E0A97E /* Utilities */,
				FA196EFD2BDE812A00E0A97E /* Resources */,
			);
			path = GitHubApp;
			sourceTree = "<group>";
		};
		FA196EE32BDE801700E0A97E /* GitHubAppTests */ = {
			isa = PBXGroup;
			children = (
				FA196EE42BDE801700E0A97E /* GitHubAppTests.swift */,
			);
			path = GitHubAppTests;
			sourceTree = "<group>";
		};
		FA196EED2BDE801700E0A97E /* GitHubAppUITests */ = {
			isa = PBXGroup;
			children = (
				FA196EEE2BDE801700E0A97E /* GitHubAppUITests.swift */,
				FA196EF02BDE801700E0A97E /* GitHubAppUITestsLaunchTests.swift */,
			);
			path = GitHubAppUITests;
			sourceTree = "<group>";
		};
		FA196EFD2BDE812A00E0A97E /* Resources */ = {
			isa = PBXGroup;
			children = (
				FA196F222BDE834100E0A97E /* Texts */,
				FA196EFE2BDE812A00E0A97E /* Assets.xcassets */,
			);
			path = Resources;
			sourceTree = "<group>";
		};
		FA196F002BDE813200E0A97E /* App */ = {
			isa = PBXGroup;
			children = (
				FA196F012BDE81BD00E0A97E /* Config */,
				FA196ED32BDE801600E0A97E /* GitHubApp.swift */,
			);
			path = App;
			sourceTree = "<group>";
		};
		FA196F012BDE81BD00E0A97E /* Config */ = {
			isa = PBXGroup;
			children = (
				FA196F032BDE81BD00E0A97E /* Info.plist */,
				FA196F022BDE81BD00E0A97E /* Config.swift */,
			);
			path = Config;
			sourceTree = "<group>";
		};
		FA196F062BDE824D00E0A97E /* Components */ = {
			isa = PBXGroup;
			children = (
				FA196F072BDE825E00E0A97E /* UserDetailsView */,
				FA196F472BDEAC0800E0A97E /* RepositoriesView */,
				FA196F532BDEE59900E0A97E /* CommitsView */,
			);
			path = Components;
			sourceTree = "<group>";
		};
		FA196F072BDE825E00E0A97E /* UserDetailsView */ = {
			isa = PBXGroup;
			children = (
				FA196F0A2BDE827800E0A97E /* Views */,
				FA196F082BDE827800E0A97E /* ViewModels */,
			);
			path = UserDetailsView;
			sourceTree = "<group>";
		};
		FA196F082BDE827800E0A97E /* ViewModels */ = {
			isa = PBXGroup;
			children = (
				FA196F092BDE827800E0A97E /* UserDetailsViewModel.swift */,
			);
			path = ViewModels;
			sourceTree = "<group>";
		};
		FA196F0A2BDE827800E0A97E /* Views */ = {
			isa = PBXGroup;
			children = (
				FA196F0B2BDE827800E0A97E /* UserDetailsView.swift */,
			);
			path = Views;
			sourceTree = "<group>";
		};
		FA196F0E2BDE82D400E0A97E /* Utilities */ = {
			isa = PBXGroup;
			children = (
				FA196F172BDE82D400E0A97E /* Helpers */,
				FA196F302BDE83A500E0A97E /* Extensions */,
				FA196F622BDEE6D800E0A97E /* Modifiers */,
				FA196F4E2BDEAC9D00E0A97E /* Styles */,
			);
			path = Utilities;
			sourceTree = "<group>";
		};
		FA196F172BDE82D400E0A97E /* Helpers */ = {
			isa = PBXGroup;
			children = (
				FA196F182BDE82D400E0A97E /* Unwrap.swift */,
				FA196F392BDE83ED00E0A97E /* ImageLoader.swift */,
			);
			path = Helpers;
			sourceTree = "<group>";
		};
		FA196F1F2BDE831E00E0A97E /* Views */ = {
			isa = PBXGroup;
			children = (
				FA196F2E2BDE838800E0A97E /* ProgressIndicatorView.swift */,
				FA196F202BDE831E00E0A97E /* LoadingView.swift */,
				FA196F372BDE83CE00E0A97E /* ImageView.swift */,
			);
			path = Views;
			sourceTree = "<group>";
		};
		FA196F222BDE834100E0A97E /* Texts */ = {
			isa = PBXGroup;
			children = (
				FA196F232BDE834100E0A97E /* Localizable.strings */,
			);
			path = Texts;
			sourceTree = "<group>";
		};
		FA196F272BDE836400E0A97E /* Models */ = {
			isa = PBXGroup;
			children = (
				FA196F292BDE836400E0A97E /* User.swift */,
				FA196F452BDEABEF00E0A97E /* Repository.swift */,
				FA196F512BDEE58F00E0A97E /* Commit.swift */,
			);
			path = Models;
			sourceTree = "<group>";
		};
		FA196F302BDE83A500E0A97E /* Extensions */ = {
			isa = PBXGroup;
			children = (
				FA196F322BDE83A500E0A97E /* String+Ext.swift */,
				FA196F5D2BDEE5D600E0A97E /* Date+Ext.swift */,
				FA196F602BDEE6C600E0A97E /* View+Ext.swift */,
			);
			path = Extensions;
			sourceTree = "<group>";
		};
		FA196F3B2BDEAB7300E0A97E /* Services */ = {
			isa = PBXGroup;
			children = (
				FA196F3D2BDEAB7300E0A97E /* API */,
				FA196F3C2BDEAB7300E0A97E /* Network.swift */,
			);
			path = Services;
			sourceTree = "<group>";
		};
		FA196F3D2BDEAB7300E0A97E /* API */ = {
			isa = PBXGroup;
			children = (
				FA196F3E2BDEAB7300E0A97E /* Endpoint.swift */,
				FA196F3F2BDEAB7300E0A97E /* Endpoint+UserDetails.swift */,
				FA196F432BDEABD800E0A97E /* Endpoint+Repository.swift */,
				FA196F5A2BDEE5AB00E0A97E /* Endpoint+Commit.swift */,
			);
			path = API;
			sourceTree = "<group>";
		};
		FA196F472BDEAC0800E0A97E /* RepositoriesView */ = {
			isa = PBXGroup;
			children = (
				FA196F4A2BDEAC0800E0A97E /* Views */,
				FA196F482BDEAC0800E0A97E /* ViewModels */,
			);
			path = RepositoriesView;
			sourceTree = "<group>";
		};
		FA196F482BDEAC0800E0A97E /* ViewModels */ = {
			isa = PBXGroup;
			children = (
				FA196F492BDEAC0800E0A97E /* RepositoriesViewModel.swift */,
			);
			path = ViewModels;
			sourceTree = "<group>";
		};
		FA196F4A2BDEAC0800E0A97E /* Views */ = {
			isa = PBXGroup;
			children = (
				FA196F4B2BDEAC0800E0A97E /* RepositoriesView.swift */,
			);
			path = Views;
			sourceTree = "<group>";
		};
		FA196F4E2BDEAC9D00E0A97E /* Styles */ = {
			isa = PBXGroup;
			children = (
				FA196F4F2BDEAC9D00E0A97E /* Appearance.swift */,
			);
			path = Styles;
			sourceTree = "<group>";
		};
		FA196F532BDEE59900E0A97E /* CommitsView */ = {
			isa = PBXGroup;
			children = (
				FA196F562BDEE59900E0A97E /* Views */,
				FA196F542BDEE59900E0A97E /* ViewModels */,
			);
			path = CommitsView;
			sourceTree = "<group>";
		};
		FA196F542BDEE59900E0A97E /* ViewModels */ = {
			isa = PBXGroup;
			children = (
				FA196F552BDEE59900E0A97E /* CommitsViewModel.swift */,
			);
			path = ViewModels;
			sourceTree = "<group>";
		};
		FA196F562BDEE59900E0A97E /* Views */ = {
			isa = PBXGroup;
			children = (
				FA196F572BDEE59900E0A97E /* CommitsView.swift */,
			);
			path = Views;
			sourceTree = "<group>";
		};
		FA196F622BDEE6D800E0A97E /* Modifiers */ = {
			isa = PBXGroup;
			children = (
				FA196F632BDEE6D800E0A97E /* ErrorAlertModifier.swift */,
			);
			path = Modifiers;
			sourceTree = "<group>";
		};
/* End PBXGroup section */

/* Begin PBXNativeTarget section */
		FA196ECF2BDE801600E0A97E /* GitHubApp */ = {
			isa = PBXNativeTarget;
			buildConfigurationList = FA196EF42BDE801700E0A97E /* Build configuration list for PBXNativeTarget "GitHubApp" */;
			buildPhases = (
				FA196ECC2BDE801600E0A97E /* Sources */,
				FA196ECD2BDE801600E0A97E /* Frameworks */,
				FA196ECE2BDE801600E0A97E /* Resources */,
			);
			buildRules = (
			);
			dependencies = (
			);
			name = GitHubApp;
			productName = GitHubApp;
			productReference = FA196ED02BDE801600E0A97E /* GitHubApp.app */;
			productType = "com.apple.product-type.application";
		};
		FA196EDF2BDE801700E0A97E /* GitHubAppTests */ = {
			isa = PBXNativeTarget;
			buildConfigurationList = FA196EF72BDE801700E0A97E /* Build configuration list for PBXNativeTarget "GitHubAppTests" */;
			buildPhases = (
				FA196EDC2BDE801700E0A97E /* Sources */,
				FA196EDD2BDE801700E0A97E /* Frameworks */,
				FA196EDE2BDE801700E0A97E /* Resources */,
			);
			buildRules = (
			);
			dependencies = (
				FA196EE22BDE801700E0A97E /* PBXTargetDependency */,
			);
			name = GitHubAppTests;
			productName = GitHubAppTests;
			productReference = FA196EE02BDE801700E0A97E /* GitHubAppTests.xctest */;
			productType = "com.apple.product-type.bundle.unit-test";
		};
		FA196EE92BDE801700E0A97E /* GitHubAppUITests */ = {
			isa = PBXNativeTarget;
			buildConfigurationList = FA196EFA2BDE801700E0A97E /* Build configuration list for PBXNativeTarget "GitHubAppUITests" */;
			buildPhases = (
				FA196EE62BDE801700E0A97E /* Sources */,
				FA196EE72BDE801700E0A97E /* Frameworks */,
				FA196EE82BDE801700E0A97E /* Resources */,
			);
			buildRules = (
			);
			dependencies = (
				FA196EEC2BDE801700E0A97E /* PBXTargetDependency */,
			);
			name = GitHubAppUITests;
			productName = GitHubAppUITests;
			productReference = FA196EEA2BDE801700E0A97E /* GitHubAppUITests.xctest */;
			productType = "com.apple.product-type.bundle.ui-testing";
		};
/* End PBXNativeTarget section */

/* Begin PBXProject section */
		FA196EC82BDE801600E0A97E /* Project object */ = {
			isa = PBXProject;
			attributes = {
				BuildIndependentTargetsInParallel = 1;
				LastSwiftUpdateCheck = 1500;
				LastUpgradeCheck = 1500;
				TargetAttributes = {
					FA196ECF2BDE801600E0A97E = {
						CreatedOnToolsVersion = 15.0.1;
					};
					FA196EDF2BDE801700E0A97E = {
						CreatedOnToolsVersion = 15.0.1;
						TestTargetID = FA196ECF2BDE801600E0A97E;
					};
					FA196EE92BDE801700E0A97E = {
						CreatedOnToolsVersion = 15.0.1;
						TestTargetID = FA196ECF2BDE801600E0A97E;
					};
				};
			};
			buildConfigurationList = FA196ECB2BDE801600E0A97E /* Build configuration list for PBXProject "GitHubApp" */;
			compatibilityVersion = "Xcode 14.0";
			developmentRegion = en;
			hasScannedForEncodings = 0;
			knownRegions = (
				en,
				Base,
			);
			mainGroup = FA196EC72BDE801600E0A97E;
			productRefGroup = FA196ED12BDE801600E0A97E /* Products */;
			projectDirPath = "";
			projectRoot = "";
			targets = (
				FA196ECF2BDE801600E0A97E /* GitHubApp */,
				FA196EDF2BDE801700E0A97E /* GitHubAppTests */,
				FA196EE92BDE801700E0A97E /* GitHubAppUITests */,
			);
		};
/* End PBXProject section */

/* Begin PBXResourcesBuildPhase section */
		FA196ECE2BDE801600E0A97E /* Resources */ = {
			isa = PBXResourcesBuildPhase;
			buildActionMask = 2147483647;
			files = (
				FA196EFF2BDE812A00E0A97E /* Assets.xcassets in Resources */,
				FA196F262BDE834100E0A97E /* Localizable.strings in Resources */,
			);
			runOnlyForDeploymentPostprocessing = 0;
		};
		FA196EDE2BDE801700E0A97E /* Resources */ = {
			isa = PBXResourcesBuildPhase;
			buildActionMask = 2147483647;
			files = (
			);
			runOnlyForDeploymentPostprocessing = 0;
		};
		FA196EE82BDE801700E0A97E /* Resources */ = {
			isa = PBXResourcesBuildPhase;
			buildActionMask = 2147483647;
			files = (
			);
			runOnlyForDeploymentPostprocessing = 0;
		};
/* End PBXResourcesBuildPhase section */

/* Begin PBXSourcesBuildPhase section */
		FA196ECC2BDE801600E0A97E /* Sources */ = {
			isa = PBXSourcesBuildPhase;
			buildActionMask = 2147483647;
			files = (
				FA196F522BDEE58F00E0A97E /* Commit.swift in Sources */,
				FA196F592BDEE59900E0A97E /* CommitsView.swift in Sources */,
				FA196F382BDE83CE00E0A97E /* ImageView.swift in Sources */,
				FA196F442BDEABD800E0A97E /* Endpoint+Repository.swift in Sources */,
				FA196F1E2BDE82D400E0A97E /* Unwrap.swift in Sources */,
				FA196F402BDEAB7300E0A97E /* Network.swift in Sources */,
				FA196F4C2BDEAC0800E0A97E /* RepositoriesViewModel.swift in Sources */,
				FA196F612BDEE6C600E0A97E /* View+Ext.swift in Sources */,
				FA196F412BDEAB7300E0A97E /* Endpoint.swift in Sources */,
				FA196F5F2BDEE5D600E0A97E /* Date+Ext.swift in Sources */,
				FA196F4D2BDEAC0800E0A97E /* RepositoriesView.swift in Sources */,
				FA196F0D2BDE827800E0A97E /* UserDetailsView.swift in Sources */,
				FA196F642BDEE6D800E0A97E /* ErrorAlertModifier.swift in Sources */,
				FA196F5B2BDEE5AB00E0A97E /* Endpoint+Commit.swift in Sources */,
				FA196ED42BDE801600E0A97E /* GitHubApp.swift in Sources */,
				FA196F2F2BDE838800E0A97E /* ProgressIndicatorView.swift in Sources */,
				FA196F3A2BDE83ED00E0A97E /* ImageLoader.swift in Sources */,
				FA196F2C2BDE836400E0A97E /* User.swift in Sources */,
				FA196F582BDEE59900E0A97E /* CommitsViewModel.swift in Sources */,
				FA196F042BDE81BD00E0A97E /* Config.swift in Sources */,
				FA196F462BDEABEF00E0A97E /* Repository.swift in Sources */,
				FA196F0C2BDE827800E0A97E /* UserDetailsViewModel.swift in Sources */,
				FA196F502BDEAC9D00E0A97E /* Appearance.swift in Sources */,
				FA196F352BDE83A500E0A97E /* String+Ext.swift in Sources */,
				FA196F422BDEAB7300E0A97E /* Endpoint+UserDetails.swift in Sources */,
				FA196F212BDE831E00E0A97E /* LoadingView.swift in Sources */,
			);
			runOnlyForDeploymentPostprocessing = 0;
		};
		FA196EDC2BDE801700E0A97E /* Sources */ = {
			isa = PBXSourcesBuildPhase;
			buildActionMask = 2147483647;
			files = (
				FA196EE52BDE801700E0A97E /* GitHubAppTests.swift in Sources */,
			);
			runOnlyForDeploymentPostprocessing = 0;
		};
		FA196EE62BDE801700E0A97E /* Sources */ = {
			isa = PBXSourcesBuildPhase;
			buildActionMask = 2147483647;
			files = (
				FA196EEF2BDE801700E0A97E /* GitHubAppUITests.swift in Sources */,
				FA196EF12BDE801700E0A97E /* GitHubAppUITestsLaunchTests.swift in Sources */,
			);
			runOnlyForDeploymentPostprocessing = 0;
		};
/* End PBXSourcesBuildPhase section */

/* Begin PBXTargetDependency section */
		FA196EE22BDE801700E0A97E /* PBXTargetDependency */ = {
			isa = PBXTargetDependency;
			target = FA196ECF2BDE801600E0A97E /* GitHubApp */;
			targetProxy = FA196EE12BDE801700E0A97E /* PBXContainerItemProxy */;
		};
		FA196EEC2BDE801700E0A97E /* PBXTargetDependency */ = {
			isa = PBXTargetDependency;
			target = FA196ECF2BDE801600E0A97E /* GitHubApp */;
			targetProxy = FA196EEB2BDE801700E0A97E /* PBXContainerItemProxy */;
		};
/* End PBXTargetDependency section */

/* Begin PBXVariantGroup section */
		FA196F232BDE834100E0A97E /* Localizable.strings */ = {
			isa = PBXVariantGroup;
			children = (
				FA196F242BDE834100E0A97E /* en */,
				FA196F252BDE834100E0A97E /* Base */,
			);
			name = Localizable.strings;
			sourceTree = "<group>";
		};
/* End PBXVariantGroup section */

/* Begin XCBuildConfiguration section */
		FA196EF22BDE801700E0A97E /* Debug */ = {
			isa = XCBuildConfiguration;
			buildSettings = {
				ALWAYS_SEARCH_USER_PATHS = NO;
				ASSETCATALOG_COMPILER_GENERATE_SWIFT_ASSET_SYMBOL_EXTENSIONS = YES;
				CLANG_ANALYZER_NONNULL = YES;
				CLANG_ANALYZER_NUMBER_OBJECT_CONVERSION = YES_AGGRESSIVE;
				CLANG_CXX_LANGUAGE_STANDARD = "gnu++20";
				CLANG_ENABLE_MODULES = YES;
				CLANG_ENABLE_OBJC_ARC = YES;
				CLANG_ENABLE_OBJC_WEAK = YES;
				CLANG_WARN_BLOCK_CAPTURE_AUTORELEASING = YES;
				CLANG_WARN_BOOL_CONVERSION = YES;
				CLANG_WARN_COMMA = YES;
				CLANG_WARN_CONSTANT_CONVERSION = YES;
				CLANG_WARN_DEPRECATED_OBJC_IMPLEMENTATIONS = YES;
				CLANG_WARN_DIRECT_OBJC_ISA_USAGE = YES_ERROR;
				CLANG_WARN_DOCUMENTATION_COMMENTS = YES;
				CLANG_WARN_EMPTY_BODY = YES;
				CLANG_WARN_ENUM_CONVERSION = YES;
				CLANG_WARN_INFINITE_RECURSION = YES;
				CLANG_WARN_INT_CONVERSION = YES;
				CLANG_WARN_NON_LITERAL_NULL_CONVERSION = YES;
				CLANG_WARN_OBJC_IMPLICIT_RETAIN_SELF = YES;
				CLANG_WARN_OBJC_LITERAL_CONVERSION = YES;
				CLANG_WARN_OBJC_ROOT_CLASS = YES_ERROR;
				CLANG_WARN_QUOTED_INCLUDE_IN_FRAMEWORK_HEADER = YES;
				CLANG_WARN_RANGE_LOOP_ANALYSIS = YES;
				CLANG_WARN_STRICT_PROTOTYPES = YES;
				CLANG_WARN_SUSPICIOUS_MOVE = YES;
				CLANG_WARN_UNGUARDED_AVAILABILITY = YES_AGGRESSIVE;
				CLANG_WARN_UNREACHABLE_CODE = YES;
				CLANG_WARN__DUPLICATE_METHOD_MATCH = YES;
				COPY_PHASE_STRIP = NO;
				DEBUG_INFORMATION_FORMAT = dwarf;
				ENABLE_STRICT_OBJC_MSGSEND = YES;
				ENABLE_TESTABILITY = YES;
				ENABLE_USER_SCRIPT_SANDBOXING = YES;
				GCC_C_LANGUAGE_STANDARD = gnu17;
				GCC_DYNAMIC_NO_PIC = NO;
				GCC_NO_COMMON_BLOCKS = YES;
				GCC_OPTIMIZATION_LEVEL = 0;
				GCC_PREPROCESSOR_DEFINITIONS = (
					"DEBUG=1",
					"$(inherited)",
				);
				GCC_WARN_64_TO_32_BIT_CONVERSION = YES;
				GCC_WARN_ABOUT_RETURN_TYPE = YES_ERROR;
				GCC_WARN_UNDECLARED_SELECTOR = YES;
				GCC_WARN_UNINITIALIZED_AUTOS = YES_AGGRESSIVE;
				GCC_WARN_UNUSED_FUNCTION = YES;
				GCC_WARN_UNUSED_VARIABLE = YES;
				IPHONEOS_DEPLOYMENT_TARGET = 15.0;
				LOCALIZATION_PREFERS_STRING_CATALOGS = YES;
				MTL_ENABLE_DEBUG_INFO = INCLUDE_SOURCE;
				MTL_FAST_MATH = YES;
				ONLY_ACTIVE_ARCH = YES;
				SDKROOT = iphoneos;
				SWIFT_ACTIVE_COMPILATION_CONDITIONS = "DEBUG $(inherited)";
				SWIFT_OPTIMIZATION_LEVEL = "-Onone";
			};
			name = Debug;
		};
		FA196EF32BDE801700E0A97E /* Release */ = {
			isa = XCBuildConfiguration;
			buildSettings = {
				ALWAYS_SEARCH_USER_PATHS = NO;
				ASSETCATALOG_COMPILER_GENERATE_SWIFT_ASSET_SYMBOL_EXTENSIONS = YES;
				CLANG_ANALYZER_NONNULL = YES;
				CLANG_ANALYZER_NUMBER_OBJECT_CONVERSION = YES_AGGRESSIVE;
				CLANG_CXX_LANGUAGE_STANDARD = "gnu++20";
				CLANG_ENABLE_MODULES = YES;
				CLANG_ENABLE_OBJC_ARC = YES;
				CLANG_ENABLE_OBJC_WEAK = YES;
				CLANG_WARN_BLOCK_CAPTURE_AUTORELEASING = YES;
				CLANG_WARN_BOOL_CONVERSION = YES;
				CLANG_WARN_COMMA = YES;
				CLANG_WARN_CONSTANT_CONVERSION = YES;
				CLANG_WARN_DEPRECATED_OBJC_IMPLEMENTATIONS = YES;
				CLANG_WARN_DIRECT_OBJC_ISA_USAGE = YES_ERROR;
				CLANG_WARN_DOCUMENTATION_COMMENTS = YES;
				CLANG_WARN_EMPTY_BODY = YES;
				CLANG_WARN_ENUM_CONVERSION = YES;
				CLANG_WARN_INFINITE_RECURSION = YES;
				CLANG_WARN_INT_CONVERSION = YES;
				CLANG_WARN_NON_LITERAL_NULL_CONVERSION = YES;
				CLANG_WARN_OBJC_IMPLICIT_RETAIN_SELF = YES;
				CLANG_WARN_OBJC_LITERAL_CONVERSION = YES;
				CLANG_WARN_OBJC_ROOT_CLASS = YES_ERROR;
				CLANG_WARN_QUOTED_INCLUDE_IN_FRAMEWORK_HEADER = YES;
				CLANG_WARN_RANGE_LOOP_ANALYSIS = YES;
				CLANG_WARN_STRICT_PROTOTYPES = YES;
				CLANG_WARN_SUSPICIOUS_MOVE = YES;
				CLANG_WARN_UNGUARDED_AVAILABILITY = YES_AGGRESSIVE;
				CLANG_WARN_UNREACHABLE_CODE = YES;
				CLANG_WARN__DUPLICATE_METHOD_MATCH = YES;
				COPY_PHASE_STRIP = NO;
				DEBUG_INFORMATION_FORMAT = "dwarf-with-dsym";
				ENABLE_NS_ASSERTIONS = NO;
				ENABLE_STRICT_OBJC_MSGSEND = YES;
				ENABLE_USER_SCRIPT_SANDBOXING = YES;
				GCC_C_LANGUAGE_STANDARD = gnu17;
				GCC_NO_COMMON_BLOCKS = YES;
				GCC_WARN_64_TO_32_BIT_CONVERSION = YES;
				GCC_WARN_ABOUT_RETURN_TYPE = YES_ERROR;
				GCC_WARN_UNDECLARED_SELECTOR = YES;
				GCC_WARN_UNINITIALIZED_AUTOS = YES_AGGRESSIVE;
				GCC_WARN_UNUSED_FUNCTION = YES;
				GCC_WARN_UNUSED_VARIABLE = YES;
				IPHONEOS_DEPLOYMENT_TARGET = 15.0;
				LOCALIZATION_PREFERS_STRING_CATALOGS = YES;
				MTL_ENABLE_DEBUG_INFO = NO;
				MTL_FAST_MATH = YES;
				SDKROOT = iphoneos;
				SWIFT_COMPILATION_MODE = wholemodule;
				VALIDATE_PRODUCT = YES;
			};
			name = Release;
		};
		FA196EF52BDE801700E0A97E /* Debug */ = {
			isa = XCBuildConfiguration;
			buildSettings = {
				ASSETCATALOG_COMPILER_APPICON_NAME = AppIcon;
				ASSETCATALOG_COMPILER_GLOBAL_ACCENT_COLOR_NAME = AccentColor;
				CODE_SIGN_STYLE = Automatic;
				CURRENT_PROJECT_VERSION = 1;
				DEVELOPMENT_ASSET_PATHS = "";
				ENABLE_PREVIEWS = YES;
				GENERATE_INFOPLIST_FILE = YES;
				INFOPLIST_FILE = "$(SRCROOT)/$(PRODUCT_NAME)/App/Config/Info.plist";
				INFOPLIST_KEY_UIApplicationSceneManifest_Generation = YES;
				INFOPLIST_KEY_UIApplicationSupportsIndirectInputEvents = YES;
				INFOPLIST_KEY_UILaunchScreen_Generation = YES;
				INFOPLIST_KEY_UISupportedInterfaceOrientations = UIInterfaceOrientationPortrait;
				INFOPLIST_KEY_UISupportedInterfaceOrientations_iPad = "UIInterfaceOrientationLandscapeLeft UIInterfaceOrientationLandscapeRight UIInterfaceOrientationPortrait UIInterfaceOrientationPortraitUpsideDown";
				LD_RUNPATH_SEARCH_PATHS = (
					"$(inherited)",
					"@executable_path/Frameworks",
				);
				MARKETING_VERSION = 1.0;
				PRODUCT_BUNDLE_IDENTIFIER = com.setvi.GitHubApp;
				PRODUCT_NAME = "$(TARGET_NAME)";
				SUPPORTED_PLATFORMS = "iphoneos iphonesimulator";
				SUPPORTS_MACCATALYST = NO;
				SUPPORTS_MAC_DESIGNED_FOR_IPHONE_IPAD = NO;
				SWIFT_EMIT_LOC_STRINGS = YES;
				SWIFT_VERSION = 5.0;
				TARGETED_DEVICE_FAMILY = 1;
			};
			name = Debug;
		};
		FA196EF62BDE801700E0A97E /* Release */ = {
			isa = XCBuildConfiguration;
			buildSettings = {
				ASSETCATALOG_COMPILER_APPICON_NAME = AppIcon;
				ASSETCATALOG_COMPILER_GLOBAL_ACCENT_COLOR_NAME = AccentColor;
				CODE_SIGN_STYLE = Automatic;
				CURRENT_PROJECT_VERSION = 1;
				DEVELOPMENT_ASSET_PATHS = "";
				ENABLE_PREVIEWS = YES;
				GENERATE_INFOPLIST_FILE = YES;
				INFOPLIST_FILE = "$(SRCROOT)/$(PRODUCT_NAME)/App/Config/Info.plist";
				INFOPLIST_KEY_UIApplicationSceneManifest_Generation = YES;
				INFOPLIST_KEY_UIApplicationSupportsIndirectInputEvents = YES;
				INFOPLIST_KEY_UILaunchScreen_Generation = YES;
				INFOPLIST_KEY_UISupportedInterfaceOrientations = UIInterfaceOrientationPortrait;
				INFOPLIST_KEY_UISupportedInterfaceOrientations_iPad = "UIInterfaceOrientationLandscapeLeft UIInterfaceOrientationLandscapeRight UIInterfaceOrientationPortrait UIInterfaceOrientationPortraitUpsideDown";
				LD_RUNPATH_SEARCH_PATHS = (
					"$(inherited)",
					"@executable_path/Frameworks",
				);
				MARKETING_VERSION = 1.0;
				PRODUCT_BUNDLE_IDENTIFIER = com.setvi.GitHubApp;
				PRODUCT_NAME = "$(TARGET_NAME)";
				SUPPORTED_PLATFORMS = "iphoneos iphonesimulator";
				SUPPORTS_MACCATALYST = NO;
				SUPPORTS_MAC_DESIGNED_FOR_IPHONE_IPAD = NO;
				SWIFT_EMIT_LOC_STRINGS = YES;
				SWIFT_VERSION = 5.0;
				TARGETED_DEVICE_FAMILY = 1;
			};
			name = Release;
		};
		FA196EF82BDE801700E0A97E /* Debug */ = {
			isa = XCBuildConfiguration;
			buildSettings = {
				ALWAYS_EMBED_SWIFT_STANDARD_LIBRARIES = YES;
				BUNDLE_LOADER = "$(TEST_HOST)";
				CODE_SIGN_STYLE = Automatic;
				CURRENT_PROJECT_VERSION = 1;
				GENERATE_INFOPLIST_FILE = YES;
				IPHONEOS_DEPLOYMENT_TARGET = 15.0;
				MARKETING_VERSION = 1.0;
				PRODUCT_BUNDLE_IDENTIFIER = com.setvi.GitHubAppTests;
				PRODUCT_NAME = "$(TARGET_NAME)";
				SWIFT_EMIT_LOC_STRINGS = NO;
				SWIFT_VERSION = 5.0;
				TARGETED_DEVICE_FAMILY = "1,2";
				TEST_HOST = "$(BUILT_PRODUCTS_DIR)/GitHubApp.app/$(BUNDLE_EXECUTABLE_FOLDER_PATH)/GitHubApp";
			};
			name = Debug;
		};
		FA196EF92BDE801700E0A97E /* Release */ = {
			isa = XCBuildConfiguration;
			buildSettings = {
				ALWAYS_EMBED_SWIFT_STANDARD_LIBRARIES = YES;
				BUNDLE_LOADER = "$(TEST_HOST)";
				CODE_SIGN_STYLE = Automatic;
				CURRENT_PROJECT_VERSION = 1;
				GENERATE_INFOPLIST_FILE = YES;
				IPHONEOS_DEPLOYMENT_TARGET = 15.0;
				MARKETING_VERSION = 1.0;
				PRODUCT_BUNDLE_IDENTIFIER = com.setvi.GitHubAppTests;
				PRODUCT_NAME = "$(TARGET_NAME)";
				SWIFT_EMIT_LOC_STRINGS = NO;
				SWIFT_VERSION = 5.0;
				TARGETED_DEVICE_FAMILY = "1,2";
				TEST_HOST = "$(BUILT_PRODUCTS_DIR)/GitHubApp.app/$(BUNDLE_EXECUTABLE_FOLDER_PATH)/GitHubApp";
			};
			name = Release;
		};
		FA196EFB2BDE801700E0A97E /* Debug */ = {
			isa = XCBuildConfiguration;
			buildSettings = {
				ALWAYS_EMBED_SWIFT_STANDARD_LIBRARIES = YES;
				CODE_SIGN_STYLE = Automatic;
				CURRENT_PROJECT_VERSION = 1;
				GENERATE_INFOPLIST_FILE = YES;
				MARKETING_VERSION = 1.0;
				PRODUCT_BUNDLE_IDENTIFIER = com.setvi.GitHubAppUITests;
				PRODUCT_NAME = "$(TARGET_NAME)";
				SWIFT_EMIT_LOC_STRINGS = NO;
				SWIFT_VERSION = 5.0;
				TARGETED_DEVICE_FAMILY = "1,2";
				TEST_TARGET_NAME = GitHubApp;
			};
			name = Debug;
		};
		FA196EFC2BDE801700E0A97E /* Release */ = {
			isa = XCBuildConfiguration;
			buildSettings = {
				ALWAYS_EMBED_SWIFT_STANDARD_LIBRARIES = YES;
				CODE_SIGN_STYLE = Automatic;
				CURRENT_PROJECT_VERSION = 1;
				GENERATE_INFOPLIST_FILE = YES;
				MARKETING_VERSION = 1.0;
				PRODUCT_BUNDLE_IDENTIFIER = com.setvi.GitHubAppUITests;
				PRODUCT_NAME = "$(TARGET_NAME)";
				SWIFT_EMIT_LOC_STRINGS = NO;
				SWIFT_VERSION = 5.0;
				TARGETED_DEVICE_FAMILY = "1,2";
				TEST_TARGET_NAME = GitHubApp;
			};
			name = Release;
		};
/* End XCBuildConfiguration section */

/* Begin XCConfigurationList section */
		FA196ECB2BDE801600E0A97E /* Build configuration list for PBXProject "GitHubApp" */ = {
			isa = XCConfigurationList;
			buildConfigurations = (
				FA196EF22BDE801700E0A97E /* Debug */,
				FA196EF32BDE801700E0A97E /* Release */,
			);
			defaultConfigurationIsVisible = 0;
			defaultConfigurationName = Release;
		};
		FA196EF42BDE801700E0A97E /* Build configuration list for PBXNativeTarget "GitHubApp" */ = {
			isa = XCConfigurationList;
			buildConfigurations = (
				FA196EF52BDE801700E0A97E /* Debug */,
				FA196EF62BDE801700E0A97E /* Release */,
			);
			defaultConfigurationIsVisible = 0;
			defaultConfigurationName = Release;
		};
		FA196EF72BDE801700E0A97E /* Build configuration list for PBXNativeTarget "GitHubAppTests" */ = {
			isa = XCConfigurationList;
			buildConfigurations = (
				FA196EF82BDE801700E0A97E /* Debug */,
				FA196EF92BDE801700E0A97E /* Release */,
			);
			defaultConfigurationIsVisible = 0;
			defaultConfigurationName = Release;
		};
		FA196EFA2BDE801700E0A97E /* Build configuration list for PBXNativeTarget "GitHubAppUITests" */ = {
			isa = XCConfigurationList;
			buildConfigurations = (
				FA196EFB2BDE801700E0A97E /* Debug */,
				FA196EFC2BDE801700E0A97E /* Release */,
			);
			defaultConfigurationIsVisible = 0;
			defaultConfigurationName = Release;
		};
/* End XCConfigurationList section */
	};
	rootObject = FA196EC82BDE801600E0A97E /* Project object */;
}
